
Microsoft Visual Studio Solution File, Format Version 12.00
# Visual Studio 15
Project("{FAE04EC0-301F-11D3-BF4B-00C04F79EFBC}") = "Meta.WitAi.Conduit", "Meta.WitAi.Conduit.csproj", "{E5B5109F-FD02-FD99-0388-50D1767F8D4F}"
EndProject
Project("{FAE04EC0-301F-11D3-BF4B-00C04F79EFBC}") = "Oculus.VR", "Oculus.VR.csproj", "{5FCD620E-F51B-B36B-4A68-29B6ADB39CD1}"
EndProject
Project("{FAE04EC0-301F-11D3-BF4B-00C04F79EFBC}") = "Crest", "Crest.csproj", "{686D9154-214A-01AA-71A3-CD1B9FE03873}"
EndProject
Project("{FAE04EC0-301F-11D3-BF4B-00C04F79EFBC}") = "Oculus.Interaction", "Oculus.Interaction.csproj", "{7821F027-7A48-9F61-1D5F-6F43B1536962}"
EndProject
Project("{FAE04EC0-301F-11D3-BF4B-00C04F79EFBC}") = "Oculus.Interaction.Editor", "Oculus.Interaction.Editor.csproj", "{CED5CCD6-09E1-E6EA-586C-69B1F47CD316}"
EndProject
Project("{FAE04EC0-301F-11D3-BF4B-00C04F79EFBC}") = "Oculus.Platform", "Oculus.Platform.csproj", "{A2541F26-5525-B94B-1D4D-FDC6A2DD4CFA}"
EndProject
Project("{FAE04EC0-301F-11D3-BF4B-00C04F79EFBC}") = "VoiceSDK.Telemetry", "VoiceSDK.Telemetry.csproj", "{076A6B4A-FB8A-37C0-B65B-D853D95C3C4F}"
EndProject
Project("{FAE04EC0-301F-11D3-BF4B-00C04F79EFBC}") = "Assembly-CSharp", "Assembly-CSharp.csproj", "{71940062-0DA6-87B8-0F22-B45B611CB2DE}"
EndProject
Project("{FAE04EC0-301F-11D3-BF4B-00C04F79EFBC}") = "Oculus.Interaction.OVR.Samples", "Oculus.Interaction.OVR.Samples.csproj", "{A9EF6B03-5215-3423-4459-7342189EFD0F}"
EndProject
Project("{FAE04EC0-301F-11D3-BF4B-00C04F79EFBC}") = "Meta.WitAi.Lib", "Meta.WitAi.Lib.csproj", "{F8555C6B-4E6F-7919-ADA2-B07D04592315}"
EndProject
Project("{FAE04EC0-301F-11D3-BF4B-00C04F79EFBC}") = "Meta.WitAi.Editor", "Meta.WitAi.Editor.csproj", "{0ED809FC-9319-8772-81A2-22A3CE84EC2E}"
EndProject
Project("{FAE04EC0-301F-11D3-BF4B-00C04F79EFBC}") = "Meta.WitAi.Conduit.Editor", "Meta.WitAi.Conduit.Editor.csproj", "{495A3235-1BE4-586B-B620-363CF911CD66}"
EndProject
Project("{FAE04EC0-301F-11D3-BF4B-00C04F79EFBC}") = "Meta.WitAi", "Meta.WitAi.csproj", "{E48CDF31-A744-B934-90C1-FD4D08ACED76}"
EndProject
Project("{FAE04EC0-301F-11D3-BF4B-00C04F79EFBC}") = "Oculus.VR.Editor", "Oculus.VR.Editor.csproj", "{639654E5-7F2F-6E2A-5475-E213F2F638DB}"
EndProject
Project("{FAE04EC0-301F-11D3-BF4B-00C04F79EFBC}") = "Oculus.Interaction.OVR.Editor", "Oculus.Interaction.OVR.Editor.csproj", "{0EAB5B38-39FD-6703-08EC-9293F0BE7BA9}"
EndProject
Project("{FAE04EC0-301F-11D3-BF4B-00C04F79EFBC}") = "Oculus.LipSync", "Oculus.LipSync.csproj", "{251490BE-B7EB-75EA-F691-0A1CD67A13C6}"
EndProject
Project("{FAE04EC0-301F-11D3-BF4B-00C04F79EFBC}") = "Oculus.Interaction.OVR", "Oculus.Interaction.OVR.csproj", "{867E43D6-8B14-8F7E-8A78-FADDD626CE1B}"
EndProject
Project("{FAE04EC0-301F-11D3-BF4B-00C04F79EFBC}") = "VoiceSDK.Editor", "VoiceSDK.Editor.csproj", "{FA000224-D710-DFA7-1511-0410DBAD8D9D}"
EndProject
Project("{FAE04EC0-301F-11D3-BF4B-00C04F79EFBC}") = "Meta.WitAI.Lib.Editor", "Meta.WitAI.Lib.Editor.csproj", "{49726CD1-BC36-F52B-96EB-697B36586372}"
EndProject
Project("{FAE04EC0-301F-11D3-BF4B-00C04F79EFBC}") = "Meta.WitAi.TTS", "Meta.WitAi.TTS.csproj", "{98EB008B-4249-250D-C4CA-7D0C5265D09A}"
EndProject
Project("{FAE04EC0-301F-11D3-BF4B-00C04F79EFBC}") = "Oculus.AudioManager", "Oculus.AudioManager.csproj", "{F6047F34-69D9-AFFA-4F0C-B9E6A33BB050}"
EndProject
Project("{FAE04EC0-301F-11D3-BF4B-00C04F79EFBC}") = "Meta.WitAi.TTS.Editor", "Meta.WitAi.TTS.Editor.csproj", "{CF411E1C-211E-D6AA-95C8-5AD3EAEE6CBB}"
EndProject
Project("{FAE04EC0-301F-11D3-BF4B-00C04F79EFBC}") = "Meta.Voice.Samples.BuiltInTimer", "Meta.Voice.Samples.BuiltInTimer.csproj", "{5125F836-C044-0739-4212-C9E96FA60139}"
EndProject
Project("{FAE04EC0-301F-11D3-BF4B-00C04F79EFBC}") = "Meta.XR.BuildingBlocks.Editor", "Meta.XR.BuildingBlocks.Editor.csproj", "{AF0DAE49-8E15-7232-7875-359AD3E1ECA4}"
EndProject
Project("{FAE04EC0-301F-11D3-BF4B-00C04F79EFBC}") = "Meta.Voice.VSDKHub.Editor", "Meta.Voice.VSDKHub.Editor.csproj", "{73285317-347E-B1AF-389E-21A7EB7F47F4}"
EndProject
Project("{FAE04EC0-301F-11D3-BF4B-00C04F79EFBC}") = "VoiceSDK.Dictation.Runtime", "VoiceSDK.Dictation.Runtime.csproj", "{EB640C57-A4EB-C2B0-C96C-12E16E53A28F}"
EndProject
Project("{FAE04EC0-301F-11D3-BF4B-00C04F79EFBC}") = "AssistantCoreSDKRuntime", "AssistantCoreSDKRuntime.csproj", "{D2C15FEF-0D29-BD62-5D83-ABE08A7648C1}"
EndProject
Project("{FAE04EC0-301F-11D3-BF4B-00C04F79EFBC}") = "Assembly-CSharp-Editor", "Assembly-CSharp-Editor.csproj", "{3C26D039-982C-23A1-EEDD-228F54654D84}"
EndProject
Project("{FAE04EC0-301F-11D3-BF4B-00C04F79EFBC}") = "Meta.Voice.Samples.TTSVoices", "Meta.Voice.Samples.TTSVoices.csproj", "{6707E589-3760-58E2-269C-CDDA7279B3CF}"
EndProject
Project("{FAE04EC0-301F-11D3-BF4B-00C04F79EFBC}") = "VoiceSDK.Runtime", "VoiceSDK.Runtime.csproj", "{E157E477-22A9-6095-DBB8-4CA744397853}"
EndProject
Project("{FAE04EC0-301F-11D3-BF4B-00C04F79EFBC}") = "Meta.WitAi.TTS.Samples", "Meta.WitAi.TTS.Samples.csproj", "{0F51D31D-A73D-09BB-5F56-C99C8B1FD5A3}"
EndProject
Project("{FAE04EC0-301F-11D3-BF4B-00C04F79EFBC}") = "Oculus.VR.Scripts.Editor", "Oculus.VR.Scripts.Editor.csproj", "{2E2845A2-B7C5-F3FD-A418-238F0C4C9495}"
EndProject
Project("{FAE04EC0-301F-11D3-BF4B-00C04F79EFBC}") = "Meta.Voice.Samples.LightTraits", "Meta.Voice.Samples.LightTraits.csproj", "{604ACC31-DA81-BB15-AB02-E51B81B9BC3F}"
EndProject
Project("{FAE04EC0-301F-11D3-BF4B-00C04F79EFBC}") = "Meta.Voice.Hub.Editor", "Meta.Voice.Hub.Editor.csproj", "{ACC7FF92-5026-AACE-2D5D-CA474908BA83}"
EndProject
Project("{FAE04EC0-301F-11D3-BF4B-00C04F79EFBC}") = "Unity.XR.Interaction.Toolkit.Samples.DeviceSimulator", "Unity.XR.Interaction.Toolkit.Samples.DeviceSimulator.csproj", "{B589939F-B99A-C0D9-BB73-BCEB897CE955}"
EndProject
Project("{FAE04EC0-301F-11D3-BF4B-00C04F79EFBC}") = "Oculus.Interaction.Samples.Editor", "Oculus.Interaction.Samples.Editor.csproj", "{0804451D-9C7C-353B-1269-F70CDDA7557F}"
EndProject
Project("{FAE04EC0-301F-11D3-BF4B-00C04F79EFBC}") = "Unity.XR.Interaction.Toolkit.Samples.StarterAssets", "Unity.XR.Interaction.Toolkit.Samples.StarterAssets.csproj", "{C0F7AAED-C5DD-4A4F-B547-EFDA6F1DC90C}"
EndProject
Project("{FAE04EC0-301F-11D3-BF4B-00C04F79EFBC}") = "Meta.XR.BuildingBlocks", "Meta.XR.BuildingBlocks.csproj", "{F690DB6A-2873-0D54-E43F-6650026D2DDF}"
EndProject
Project("{FAE04EC0-301F-11D3-BF4B-00C04F79EFBC}") = "Oculus.Platform.Editor", "Oculus.Platform.Editor.csproj", "{28D6E9EE-BE78-83E4-D81C-CAC42C9CA8AB}"
EndProject
Project("{FAE04EC0-301F-11D3-BF4B-00C04F79EFBC}") = "Facebook.Wit.Dictation", "Facebook.Wit.Dictation.csproj", "{7FA20FAD-EAE6-E088-6B6E-2836159CC551}"
EndProject
Project("{FAE04EC0-301F-11D3-BF4B-00C04F79EFBC}") = "Oculus.Spatializer.Editor", "Oculus.Spatializer.Editor.csproj", "{CFFDFE18-4C75-5C2F-93B0-5EA04A639333}"
EndProject
Project("{FAE04EC0-301F-11D3-BF4B-00C04F79EFBC}") = "Oculus.LipSync.Editor", "Oculus.LipSync.Editor.csproj", "{CF055292-18AA-DB04-9E2C-4E82DD139E5E}"
EndProject
Project("{FAE04EC0-301F-11D3-BF4B-00C04F79EFBC}") = "Oculus.AudioManager.Utils.Editor", "Oculus.AudioManager.Utils.Editor.csproj", "{1E548508-E77F-D07D-84EF-A16DFB93DDAB}"
EndProject
Project("{FAE04EC0-301F-11D3-BF4B-00C04F79EFBC}") = "Meta.VoiceSDK.Mic.Common", "Meta.VoiceSDK.Mic.Common.csproj", "{C78C8259-0941-70C5-3613-149D8691299A}"
EndProject
Project("{FAE04EC0-301F-11D3-BF4B-00C04F79EFBC}") = "Meta.Voice.Samples.ShapesConduit", "Meta.Voice.Samples.ShapesConduit.csproj", "{1C2B74E4-470D-D936-7B15-FF9F6F19FD47}"
EndProject
Project("{FAE04EC0-301F-11D3-BF4B-00C04F79EFBC}") = "Oculus.Spatializer", "Oculus.Spatializer.csproj", "{E0EB4FD2-472A-29EA-7B53-590AF9BC34E9}"
EndProject
Project("{FAE04EC0-301F-11D3-BF4B-00C04F79EFBC}") = "Crest.Examples", "Crest.Examples.csproj", "{35428A1B-235D-1EEF-5098-20104EA254DD}"
EndProject
Project("{FAE04EC0-301F-11D3-BF4B-00C04F79EFBC}") = "Meta.VoiceSDK.Mic.Other", "Meta.VoiceSDK.Mic.Other.csproj", "{0D504619-C254-11AC-B903-4E82264474C1}"
EndProject
Project("{FAE04EC0-301F-11D3-BF4B-00C04F79EFBC}") = "Oculus.Interaction.InterfaceSupport", "Oculus.Interaction.InterfaceSupport.csproj", "{A1A6E2A0-5F25-C1E6-3474-8B929153A449}"
EndProject
Project("{FAE04EC0-301F-11D3-BF4B-00C04F79EFBC}") = "Oculus.AudioManager.Audio.Editor", "Oculus.AudioManager.Audio.Editor.csproj", "{F886EDBA-E00D-3517-1A73-247183A6F0DB}"
EndProject
Project("{FAE04EC0-301F-11D3-BF4B-00C04F79EFBC}") = "Meta.Voice.Samples.LiveUnderstanding", "Meta.Voice.Samples.LiveUnderstanding.csproj", "{F0C5B23A-74FA-33F6-7CF9-F316989E0527}"
EndProject
Project("{FAE04EC0-301F-11D3-BF4B-00C04F79EFBC}") = "VoiceSDK.Dictation.Editor", "VoiceSDK.Dictation.Editor.csproj", "{D306FE0F-5BAB-35D5-38E4-2D2B5A3DB319}"
EndProject
Project("{FAE04EC0-301F-11D3-BF4B-00C04F79EFBC}") = "AssistantCoreSDKEditor", "AssistantCoreSDKEditor.csproj", "{8FE0B90D-7E3B-1872-3B17-B5F22A2C0969}"
EndProject
Project("{FAE04EC0-301F-11D3-BF4B-00C04F79EFBC}") = "Meta.VoiceSDK.Mic.WebGL", "Meta.VoiceSDK.Mic.WebGL.csproj", "{052B07A4-3322-275F-3316-908A3B2DF735}"
EndProject
Project("{FAE04EC0-301F-11D3-BF4B-00C04F79EFBC}") = "Meta.Voice.Hub.Runtime", "Meta.Voice.Hub.Runtime.csproj", "{487D0E89-B856-EAE9-4E3B-21A60BC3222F}"
EndProject
Project("{FAE04EC0-301F-11D3-BF4B-00C04F79EFBC}") = "Meta.Voice.Samples.Chess", "Meta.Voice.Samples.Chess.csproj", "{C1F7B98B-40CF-884F-F8EC-4DA48BE6B8CD}"
EndProject
Project("{FAE04EC0-301F-11D3-BF4B-00C04F79EFBC}") = "Meta.Voice.Samples.Dictation", "Meta.Voice.Samples.Dictation.csproj", "{CB0F1254-FDA8-3899-0256-4D8F85CC4EAD}"
EndProject
Project("{FAE04EC0-301F-11D3-BF4B-00C04F79EFBC}") = "Meta.Voice.Samples.Shapes", "Meta.Voice.Samples.Shapes.csproj", "{0469FFDC-9BE0-E973-B7F0-263062C4FC6A}"
EndProject
Project("{FAE04EC0-301F-11D3-BF4B-00C04F79EFBC}") = "Facebook.Wit.Dictation.Editor", "Facebook.Wit.Dictation.Editor.csproj", "{2D59761D-06D9-12E5-DCB5-955235BA7DF2}"
EndProject
Project("{FAE04EC0-301F-11D3-BF4B-00C04F79EFBC}") = "Unity.XR.Interaction.Toolkit.Samples.StarterAssets.Editor", "Unity.XR.Interaction.Toolkit.Samples.StarterAssets.Editor.csproj", "{5C1D52E2-D411-1E01-7924-8DD2FF0D2BB0}"
EndProject
Global
	GlobalSection(SolutionConfigurationPlatforms) = preSolution
		Debug|Any CPU = Debug|Any CPU
		Release|Any CPU = Release|Any CPU
	EndGlobalSection
	GlobalSection(ProjectConfigurationPlatforms) = postSolution
		{E5B5109F-FD02-FD99-0388-50D1767F8D4F}.Debug|Any CPU.ActiveCfg = Debug|Any CPU
		{E5B5109F-FD02-FD99-0388-50D1767F8D4F}.Debug|Any CPU.Build.0 = Debug|Any CPU
		{E5B5109F-FD02-FD99-0388-50D1767F8D4F}.Release|Any CPU.ActiveCfg = Release|Any CPU
		{E5B5109F-FD02-FD99-0388-50D1767F8D4F}.Release|Any CPU.Build.0 = Release|Any CPU
		{5FCD620E-F51B-B36B-4A68-29B6ADB39CD1}.Debug|Any CPU.ActiveCfg = Debug|Any CPU
		{5FCD620E-F51B-B36B-4A68-29B6ADB39CD1}.Debug|Any CPU.Build.0 = Debug|Any CPU
		{5FCD620E-F51B-B36B-4A68-29B6ADB39CD1}.Release|Any CPU.ActiveCfg = Release|Any CPU
		{5FCD620E-F51B-B36B-4A68-29B6ADB39CD1}.Release|Any CPU.Build.0 = Release|Any CPU
		{686D9154-214A-01AA-71A3-CD1B9FE03873}.Debug|Any CPU.ActiveCfg = Debug|Any CPU
		{686D9154-214A-01AA-71A3-CD1B9FE03873}.Debug|Any CPU.Build.0 = Debug|Any CPU
		{686D9154-214A-01AA-71A3-CD1B9FE03873}.Release|Any CPU.ActiveCfg = Release|Any CPU
		{686D9154-214A-01AA-71A3-CD1B9FE03873}.Release|Any CPU.Build.0 = Release|Any CPU
		{7821F027-7A48-9F61-1D5F-6F43B1536962}.Debug|Any CPU.ActiveCfg = Debug|Any CPU
		{7821F027-7A48-9F61-1D5F-6F43B1536962}.Debug|Any CPU.Build.0 = Debug|Any CPU
		{7821F027-7A48-9F61-1D5F-6F43B1536962}.Release|Any CPU.ActiveCfg = Release|Any CPU
		{7821F027-7A48-9F61-1D5F-6F43B1536962}.Release|Any CPU.Build.0 = Release|Any CPU
		{CED5CCD6-09E1-E6EA-586C-69B1F47CD316}.Debug|Any CPU.ActiveCfg = Debug|Any CPU
		{CED5CCD6-09E1-E6EA-586C-69B1F47CD316}.Debug|Any CPU.Build.0 = Debug|Any CPU
		{CED5CCD6-09E1-E6EA-586C-69B1F47CD316}.Release|Any CPU.ActiveCfg = Release|Any CPU
		{CED5CCD6-09E1-E6EA-586C-69B1F47CD316}.Release|Any CPU.Build.0 = Release|Any CPU
		{A2541F26-5525-B94B-1D4D-FDC6A2DD4CFA}.Debug|Any CPU.ActiveCfg = Debug|Any CPU
		{A2541F26-5525-B94B-1D4D-FDC6A2DD4CFA}.Debug|Any CPU.Build.0 = Debug|Any CPU
		{A2541F26-5525-B94B-1D4D-FDC6A2DD4CFA}.Release|Any CPU.ActiveCfg = Release|Any CPU
		{A2541F26-5525-B94B-1D4D-FDC6A2DD4CFA}.Release|Any CPU.Build.0 = Release|Any CPU
		{076A6B4A-FB8A-37C0-B65B-D853D95C3C4F}.Debug|Any CPU.ActiveCfg = Debug|Any CPU
		{076A6B4A-FB8A-37C0-B65B-D853D95C3C4F}.Debug|Any CPU.Build.0 = Debug|Any CPU
		{076A6B4A-FB8A-37C0-B65B-D853D95C3C4F}.Release|Any CPU.ActiveCfg = Release|Any CPU
		{076A6B4A-FB8A-37C0-B65B-D853D95C3C4F}.Release|Any CPU.Build.0 = Release|Any CPU
		{71940062-0DA6-87B8-0F22-B45B611CB2DE}.Debug|Any CPU.ActiveCfg = Debug|Any CPU
		{71940062-0DA6-87B8-0F22-B45B611CB2DE}.Debug|Any CPU.Build.0 = Debug|Any CPU
		{71940062-0DA6-87B8-0F22-B45B611CB2DE}.Release|Any CPU.ActiveCfg = Release|Any CPU
		{71940062-0DA6-87B8-0F22-B45B611CB2DE}.Release|Any CPU.Build.0 = Release|Any CPU
		{A9EF6B03-5215-3423-4459-7342189EFD0F}.Debug|Any CPU.ActiveCfg = Debug|Any CPU
		{A9EF6B03-5215-3423-4459-7342189EFD0F}.Debug|Any CPU.Build.0 = Debug|Any CPU
		{A9EF6B03-5215-3423-4459-7342189EFD0F}.Release|Any CPU.ActiveCfg = Release|Any CPU
		{A9EF6B03-5215-3423-4459-7342189EFD0F}.Release|Any CPU.Build.0 = Release|Any CPU
		{F8555C6B-4E6F-7919-ADA2-B07D04592315}.Debug|Any CPU.ActiveCfg = Debug|Any CPU
		{F8555C6B-4E6F-7919-ADA2-B07D04592315}.Debug|Any CPU.Build.0 = Debug|Any CPU
		{F8555C6B-4E6F-7919-ADA2-B07D04592315}.Release|Any CPU.ActiveCfg = Release|Any CPU
		{F8555C6B-4E6F-7919-ADA2-B07D04592315}.Release|Any CPU.Build.0 = Release|Any CPU
		{0ED809FC-9319-8772-81A2-22A3CE84EC2E}.Debug|Any CPU.ActiveCfg = Debug|Any CPU
		{0ED809FC-9319-8772-81A2-22A3CE84EC2E}.Debug|Any CPU.Build.0 = Debug|Any CPU
		{0ED809FC-9319-8772-81A2-22A3CE84EC2E}.Release|Any CPU.ActiveCfg = Release|Any CPU
		{0ED809FC-9319-8772-81A2-22A3CE84EC2E}.Release|Any CPU.Build.0 = Release|Any CPU
		{495A3235-1BE4-586B-B620-363CF911CD66}.Debug|Any CPU.ActiveCfg = Debug|Any CPU
		{495A3235-1BE4-586B-B620-363CF911CD66}.Debug|Any CPU.Build.0 = Debug|Any CPU
		{495A3235-1BE4-586B-B620-363CF911CD66}.Release|Any CPU.ActiveCfg = Release|Any CPU
		{495A3235-1BE4-586B-B620-363CF911CD66}.Release|Any CPU.Build.0 = Release|Any CPU
		{E48CDF31-A744-B934-90C1-FD4D08ACED76}.Debug|Any CPU.ActiveCfg = Debug|Any CPU
		{E48CDF31-A744-B934-90C1-FD4D08ACED76}.Debug|Any CPU.Build.0 = Debug|Any CPU
		{E48CDF31-A744-B934-90C1-FD4D08ACED76}.Release|Any CPU.ActiveCfg = Release|Any CPU
		{E48CDF31-A744-B934-90C1-FD4D08ACED76}.Release|Any CPU.Build.0 = Release|Any CPU
		{639654E5-7F2F-6E2A-5475-E213F2F638DB}.Debug|Any CPU.ActiveCfg = Debug|Any CPU
		{639654E5-7F2F-6E2A-5475-E213F2F638DB}.Debug|Any CPU.Build.0 = Debug|Any CPU
		{639654E5-7F2F-6E2A-5475-E213F2F638DB}.Release|Any CPU.ActiveCfg = Release|Any CPU
		{639654E5-7F2F-6E2A-5475-E213F2F638DB}.Release|Any CPU.Build.0 = Release|Any CPU
		{0EAB5B38-39FD-6703-08EC-9293F0BE7BA9}.Debug|Any CPU.ActiveCfg = Debug|Any CPU
		{0EAB5B38-39FD-6703-08EC-9293F0BE7BA9}.Debug|Any CPU.Build.0 = Debug|Any CPU
		{0EAB5B38-39FD-6703-08EC-9293F0BE7BA9}.Release|Any CPU.ActiveCfg = Release|Any CPU
		{0EAB5B38-39FD-6703-08EC-9293F0BE7BA9}.Release|Any CPU.Build.0 = Release|Any CPU
		{251490BE-B7EB-75EA-F691-0A1CD67A13C6}.Debug|Any CPU.ActiveCfg = Debug|Any CPU
		{251490BE-B7EB-75EA-F691-0A1CD67A13C6}.Debug|Any CPU.Build.0 = Debug|Any CPU
		{251490BE-B7EB-75EA-F691-0A1CD67A13C6}.Release|Any CPU.ActiveCfg = Release|Any CPU
		{251490BE-B7EB-75EA-F691-0A1CD67A13C6}.Release|Any CPU.Build.0 = Release|Any CPU
		{867E43D6-8B14-8F7E-8A78-FADDD626CE1B}.Debug|Any CPU.ActiveCfg = Debug|Any CPU
		{867E43D6-8B14-8F7E-8A78-FADDD626CE1B}.Debug|Any CPU.Build.0 = Debug|Any CPU
		{867E43D6-8B14-8F7E-8A78-FADDD626CE1B}.Release|Any CPU.ActiveCfg = Release|Any CPU
		{867E43D6-8B14-8F7E-8A78-FADDD626CE1B}.Release|Any CPU.Build.0 = Release|Any CPU
		{FA000224-D710-DFA7-1511-0410DBAD8D9D}.Debug|Any CPU.ActiveCfg = Debug|Any CPU
		{FA000224-D710-DFA7-1511-0410DBAD8D9D}.Debug|Any CPU.Build.0 = Debug|Any CPU
		{FA000224-D710-DFA7-1511-0410DBAD8D9D}.Release|Any CPU.ActiveCfg = Release|Any CPU
		{FA000224-D710-DFA7-1511-0410DBAD8D9D}.Release|Any CPU.Build.0 = Release|Any CPU
		{49726CD1-BC36-F52B-96EB-697B36586372}.Debug|Any CPU.ActiveCfg = Debug|Any CPU
		{49726CD1-BC36-F52B-96EB-697B36586372}.Debug|Any CPU.Build.0 = Debug|Any CPU
		{49726CD1-BC36-F52B-96EB-697B36586372}.Release|Any CPU.ActiveCfg = Release|Any CPU
		{49726CD1-BC36-F52B-96EB-697B36586372}.Release|Any CPU.Build.0 = Release|Any CPU
		{98EB008B-4249-250D-C4CA-7D0C5265D09A}.Debug|Any CPU.ActiveCfg = Debug|Any CPU
		{98EB008B-4249-250D-C4CA-7D0C5265D09A}.Debug|Any CPU.Build.0 = Debug|Any CPU
		{98EB008B-4249-250D-C4CA-7D0C5265D09A}.Release|Any CPU.ActiveCfg = Release|Any CPU
		{98EB008B-4249-250D-C4CA-7D0C5265D09A}.Release|Any CPU.Build.0 = Release|Any CPU
		{F6047F34-69D9-AFFA-4F0C-B9E6A33BB050}.Debug|Any CPU.ActiveCfg = Debug|Any CPU
		{F6047F34-69D9-AFFA-4F0C-B9E6A33BB050}.Debug|Any CPU.Build.0 = Debug|Any CPU
		{F6047F34-69D9-AFFA-4F0C-B9E6A33BB050}.Release|Any CPU.ActiveCfg = Release|Any CPU
		{F6047F34-69D9-AFFA-4F0C-B9E6A33BB050}.Release|Any CPU.Build.0 = Release|Any CPU
		{CF411E1C-211E-D6AA-95C8-5AD3EAEE6CBB}.Debug|Any CPU.ActiveCfg = Debug|Any CPU
		{CF411E1C-211E-D6AA-95C8-5AD3EAEE6CBB}.Debug|Any CPU.Build.0 = Debug|Any CPU
		{CF411E1C-211E-D6AA-95C8-5AD3EAEE6CBB}.Release|Any CPU.ActiveCfg = Release|Any CPU
		{CF411E1C-211E-D6AA-95C8-5AD3EAEE6CBB}.Release|Any CPU.Build.0 = Release|Any CPU
		{5125F836-C044-0739-4212-C9E96FA60139}.Debug|Any CPU.ActiveCfg = Debug|Any CPU
		{5125F836-C044-0739-4212-C9E96FA60139}.Debug|Any CPU.Build.0 = Debug|Any CPU
		{5125F836-C044-0739-4212-C9E96FA60139}.Release|Any CPU.ActiveCfg = Release|Any CPU
		{5125F836-C044-0739-4212-C9E96FA60139}.Release|Any CPU.Build.0 = Release|Any CPU
		{AF0DAE49-8E15-7232-7875-359AD3E1ECA4}.Debug|Any CPU.ActiveCfg = Debug|Any CPU
		{AF0DAE49-8E15-7232-7875-359AD3E1ECA4}.Debug|Any CPU.Build.0 = Debug|Any CPU
		{AF0DAE49-8E15-7232-7875-359AD3E1ECA4}.Release|Any CPU.ActiveCfg = Release|Any CPU
		{AF0DAE49-8E15-7232-7875-359AD3E1ECA4}.Release|Any CPU.Build.0 = Release|Any CPU
		{73285317-347E-B1AF-389E-21A7EB7F47F4}.Debug|Any CPU.ActiveCfg = Debug|Any CPU
		{73285317-347E-B1AF-389E-21A7EB7F47F4}.Debug|Any CPU.Build.0 = Debug|Any CPU
		{73285317-347E-B1AF-389E-21A7EB7F47F4}.Release|Any CPU.ActiveCfg = Release|Any CPU
		{73285317-347E-B1AF-389E-21A7EB7F47F4}.Release|Any CPU.Build.0 = Release|Any CPU
		{EB640C57-A4EB-C2B0-C96C-12E16E53A28F}.Debug|Any CPU.ActiveCfg = Debug|Any CPU
		{EB640C57-A4EB-C2B0-C96C-12E16E53A28F}.Debug|Any CPU.Build.0 = Debug|Any CPU
		{EB640C57-A4EB-C2B0-C96C-12E16E53A28F}.Release|Any CPU.ActiveCfg = Release|Any CPU
		{EB640C57-A4EB-C2B0-C96C-12E16E53A28F}.Release|Any CPU.Build.0 = Release|Any CPU
		{D2C15FEF-0D29-BD62-5D83-ABE08A7648C1}.Debug|Any CPU.ActiveCfg = Debug|Any CPU
		{D2C15FEF-0D29-BD62-5D83-ABE08A7648C1}.Debug|Any CPU.Build.0 = Debug|Any CPU
		{D2C15FEF-0D29-BD62-5D83-ABE08A7648C1}.Release|Any CPU.ActiveCfg = Release|Any CPU
		{D2C15FEF-0D29-BD62-5D83-ABE08A7648C1}.Release|Any CPU.Build.0 = Release|Any CPU
		{3C26D039-982C-23A1-EEDD-228F54654D84}.Debug|Any CPU.ActiveCfg = Debug|Any CPU
		{3C26D039-982C-23A1-EEDD-228F54654D84}.Debug|Any CPU.Build.0 = Debug|Any CPU
		{3C26D039-982C-23A1-EEDD-228F54654D84}.Release|Any CPU.ActiveCfg = Release|Any CPU
		{3C26D039-982C-23A1-EEDD-228F54654D84}.Release|Any CPU.Build.0 = Release|Any CPU
		{6707E589-3760-58E2-269C-CDDA7279B3CF}.Debug|Any CPU.ActiveCfg = Debug|Any CPU
		{6707E589-3760-58E2-269C-CDDA7279B3CF}.Debug|Any CPU.Build.0 = Debug|Any CPU
		{6707E589-3760-58E2-269C-CDDA7279B3CF}.Release|Any CPU.ActiveCfg = Release|Any CPU
		{6707E589-3760-58E2-269C-CDDA7279B3CF}.Release|Any CPU.Build.0 = Release|Any CPU
		{E157E477-22A9-6095-DBB8-4CA744397853}.Debug|Any CPU.ActiveCfg = Debug|Any CPU
		{E157E477-22A9-6095-DBB8-4CA744397853}.Debug|Any CPU.Build.0 = Debug|Any CPU
		{E157E477-22A9-6095-DBB8-4CA744397853}.Release|Any CPU.ActiveCfg = Release|Any CPU
		{E157E477-22A9-6095-DBB8-4CA744397853}.Release|Any CPU.Build.0 = Release|Any CPU
		{0F51D31D-A73D-09BB-5F56-C99C8B1FD5A3}.Debug|Any CPU.ActiveCfg = Debug|Any CPU
		{0F51D31D-A73D-09BB-5F56-C99C8B1FD5A3}.Debug|Any CPU.Build.0 = Debug|Any CPU
		{0F51D31D-A73D-09BB-5F56-C99C8B1FD5A3}.Release|Any CPU.ActiveCfg = Release|Any CPU
		{0F51D31D-A73D-09BB-5F56-C99C8B1FD5A3}.Release|Any CPU.Build.0 = Release|Any CPU
		{2E2845A2-B7C5-F3FD-A418-238F0C4C9495}.Debug|Any CPU.ActiveCfg = Debug|Any CPU
		{2E2845A2-B7C5-F3FD-A418-238F0C4C9495}.Debug|Any CPU.Build.0 = Debug|Any CPU
		{2E2845A2-B7C5-F3FD-A418-238F0C4C9495}.Release|Any CPU.ActiveCfg = Release|Any CPU
		{2E2845A2-B7C5-F3FD-A418-238F0C4C9495}.Release|Any CPU.Build.0 = Release|Any CPU
		{604ACC31-DA81-BB15-AB02-E51B81B9BC3F}.Debug|Any CPU.ActiveCfg = Debug|Any CPU
		{604ACC31-DA81-BB15-AB02-E51B81B9BC3F}.Debug|Any CPU.Build.0 = Debug|Any CPU
		{604ACC31-DA81-BB15-AB02-E51B81B9BC3F}.Release|Any CPU.ActiveCfg = Release|Any CPU
		{604ACC31-DA81-BB15-AB02-E51B81B9BC3F}.Release|Any CPU.Build.0 = Release|Any CPU
		{ACC7FF92-5026-AACE-2D5D-CA474908BA83}.Debug|Any CPU.ActiveCfg = Debug|Any CPU
		{ACC7FF92-5026-AACE-2D5D-CA474908BA83}.Debug|Any CPU.Build.0 = Debug|Any CPU
		{ACC7FF92-5026-AACE-2D5D-CA474908BA83}.Release|Any CPU.ActiveCfg = Release|Any CPU
		{ACC7FF92-5026-AACE-2D5D-CA474908BA83}.Release|Any CPU.Build.0 = Release|Any CPU
		{B589939F-B99A-C0D9-BB73-BCEB897CE955}.Debug|Any CPU.ActiveCfg = Debug|Any CPU
		{B589939F-B99A-C0D9-BB73-BCEB897CE955}.Debug|Any CPU.Build.0 = Debug|Any CPU
		{B589939F-B99A-C0D9-BB73-BCEB897CE955}.Release|Any CPU.ActiveCfg = Release|Any CPU
		{B589939F-B99A-C0D9-BB73-BCEB897CE955}.Release|Any CPU.Build.0 = Release|Any CPU
		{0804451D-9C7C-353B-1269-F70CDDA7557F}.Debug|Any CPU.ActiveCfg = Debug|Any CPU
		{0804451D-9C7C-353B-1269-F70CDDA7557F}.Debug|Any CPU.Build.0 = Debug|Any CPU
		{0804451D-9C7C-353B-1269-F70CDDA7557F}.Release|Any CPU.ActiveCfg = Release|Any CPU
		{0804451D-9C7C-353B-1269-F70CDDA7557F}.Release|Any CPU.Build.0 = Release|Any CPU
		{C0F7AAED-C5DD-4A4F-B547-EFDA6F1DC90C}.Debug|Any CPU.ActiveCfg = Debug|Any CPU
		{C0F7AAED-C5DD-4A4F-B547-EFDA6F1DC90C}.Debug|Any CPU.Build.0 = Debug|Any CPU
		{C0F7AAED-C5DD-4A4F-B547-EFDA6F1DC90C}.Release|Any CPU.ActiveCfg = Release|Any CPU
		{C0F7AAED-C5DD-4A4F-B547-EFDA6F1DC90C}.Release|Any CPU.Build.0 = Release|Any CPU
		{F690DB6A-2873-0D54-E43F-6650026D2DDF}.Debug|Any CPU.ActiveCfg = Debug|Any CPU
		{F690DB6A-2873-0D54-E43F-6650026D2DDF}.Debug|Any CPU.Build.0 = Debug|Any CPU
		{F690DB6A-2873-0D54-E43F-6650026D2DDF}.Release|Any CPU.ActiveCfg = Release|Any CPU
		{F690DB6A-2873-0D54-E43F-6650026D2DDF}.Release|Any CPU.Build.0 = Release|Any CPU
		{28D6E9EE-BE78-83E4-D81C-CAC42C9CA8AB}.Debug|Any CPU.ActiveCfg = Debug|Any CPU
		{28D6E9EE-BE78-83E4-D81C-CAC42C9CA8AB}.Debug|Any CPU.Build.0 = Debug|Any CPU
		{28D6E9EE-BE78-83E4-D81C-CAC42C9CA8AB}.Release|Any CPU.ActiveCfg = Release|Any CPU
		{28D6E9EE-BE78-83E4-D81C-CAC42C9CA8AB}.Release|Any CPU.Build.0 = Release|Any CPU
		{7FA20FAD-EAE6-E088-6B6E-2836159CC551}.Debug|Any CPU.ActiveCfg = Debug|Any CPU
		{7FA20FAD-EAE6-E088-6B6E-2836159CC551}.Debug|Any CPU.Build.0 = Debug|Any CPU
		{7FA20FAD-EAE6-E088-6B6E-2836159CC551}.Release|Any CPU.ActiveCfg = Release|Any CPU
		{7FA20FAD-EAE6-E088-6B6E-2836159CC551}.Release|Any CPU.Build.0 = Release|Any CPU
		{CFFDFE18-4C75-5C2F-93B0-5EA04A639333}.Debug|Any CPU.ActiveCfg = Debug|Any CPU
		{CFFDFE18-4C75-5C2F-93B0-5EA04A639333}.Debug|Any CPU.Build.0 = Debug|Any CPU
		{CFFDFE18-4C75-5C2F-93B0-5EA04A639333}.Release|Any CPU.ActiveCfg = Release|Any CPU
		{CFFDFE18-4C75-5C2F-93B0-5EA04A639333}.Release|Any CPU.Build.0 = Release|Any CPU
		{CF055292-18AA-DB04-9E2C-4E82DD139E5E}.Debug|Any CPU.ActiveCfg = Debug|Any CPU
		{CF055292-18AA-DB04-9E2C-4E82DD139E5E}.Debug|Any CPU.Build.0 = Debug|Any CPU
		{CF055292-18AA-DB04-9E2C-4E82DD139E5E}.Release|Any CPU.ActiveCfg = Release|Any CPU
		{CF055292-18AA-DB04-9E2C-4E82DD139E5E}.Release|Any CPU.Build.0 = Release|Any CPU
		{1E548508-E77F-D07D-84EF-A16DFB93DDAB}.Debug|Any CPU.ActiveCfg = Debug|Any CPU
		{1E548508-E77F-D07D-84EF-A16DFB93DDAB}.Debug|Any CPU.Build.0 = Debug|Any CPU
		{1E548508-E77F-D07D-84EF-A16DFB93DDAB}.Release|Any CPU.ActiveCfg = Release|Any CPU
		{1E548508-E77F-D07D-84EF-A16DFB93DDAB}.Release|Any CPU.Build.0 = Release|Any CPU
		{C78C8259-0941-70C5-3613-149D8691299A}.Debug|Any CPU.ActiveCfg = Debug|Any CPU
		{C78C8259-0941-70C5-3613-149D8691299A}.Debug|Any CPU.Build.0 = Debug|Any CPU
		{C78C8259-0941-70C5-3613-149D8691299A}.Release|Any CPU.ActiveCfg = Release|Any CPU
		{C78C8259-0941-70C5-3613-149D8691299A}.Release|Any CPU.Build.0 = Release|Any CPU
		{1C2B74E4-470D-D936-7B15-FF9F6F19FD47}.Debug|Any CPU.ActiveCfg = Debug|Any CPU
		{1C2B74E4-470D-D936-7B15-FF9F6F19FD47}.Debug|Any CPU.Build.0 = Debug|Any CPU
		{1C2B74E4-470D-D936-7B15-FF9F6F19FD47}.Release|Any CPU.ActiveCfg = Release|Any CPU
		{1C2B74E4-470D-D936-7B15-FF9F6F19FD47}.Release|Any CPU.Build.0 = Release|Any CPU
		{E0EB4FD2-472A-29EA-7B53-590AF9BC34E9}.Debug|Any CPU.ActiveCfg = Debug|Any CPU
		{E0EB4FD2-472A-29EA-7B53-590AF9BC34E9}.Debug|Any CPU.Build.0 = Debug|Any CPU
		{E0EB4FD2-472A-29EA-7B53-590AF9BC34E9}.Release|Any CPU.ActiveCfg = Release|Any CPU
		{E0EB4FD2-472A-29EA-7B53-590AF9BC34E9}.Release|Any CPU.Build.0 = Release|Any CPU
		{35428A1B-235D-1EEF-5098-20104EA254DD}.Debug|Any CPU.ActiveCfg = Debug|Any CPU
		{35428A1B-235D-1EEF-5098-20104EA254DD}.Debug|Any CPU.Build.0 = Debug|Any CPU
		{35428A1B-235D-1EEF-5098-20104EA254DD}.Release|Any CPU.ActiveCfg = Release|Any CPU
		{35428A1B-235D-1EEF-5098-20104EA254DD}.Release|Any CPU.Build.0 = Release|Any CPU
		{0D504619-C254-11AC-B903-4E82264474C1}.Debug|Any CPU.ActiveCfg = Debug|Any CPU
		{0D504619-C254-11AC-B903-4E82264474C1}.Debug|Any CPU.Build.0 = Debug|Any CPU
		{0D504619-C254-11AC-B903-4E82264474C1}.Release|Any CPU.ActiveCfg = Release|Any CPU
		{0D504619-C254-11AC-B903-4E82264474C1}.Release|Any CPU.Build.0 = Release|Any CPU
		{A1A6E2A0-5F25-C1E6-3474-8B929153A449}.Debug|Any CPU.ActiveCfg = Debug|Any CPU
		{A1A6E2A0-5F25-C1E6-3474-8B929153A449}.Debug|Any CPU.Build.0 = Debug|Any CPU
		{A1A6E2A0-5F25-C1E6-3474-8B929153A449}.Release|Any CPU.ActiveCfg = Release|Any CPU
		{A1A6E2A0-5F25-C1E6-3474-8B929153A449}.Release|Any CPU.Build.0 = Release|Any CPU
		{F886EDBA-E00D-3517-1A73-247183A6F0DB}.Debug|Any CPU.ActiveCfg = Debug|Any CPU
		{F886EDBA-E00D-3517-1A73-247183A6F0DB}.Debug|Any CPU.Build.0 = Debug|Any CPU
		{F886EDBA-E00D-3517-1A73-247183A6F0DB}.Release|Any CPU.ActiveCfg = Release|Any CPU
		{F886EDBA-E00D-3517-1A73-247183A6F0DB}.Release|Any CPU.Build.0 = Release|Any CPU
		{F0C5B23A-74FA-33F6-7CF9-F316989E0527}.Debug|Any CPU.ActiveCfg = Debug|Any CPU
		{F0C5B23A-74FA-33F6-7CF9-F316989E0527}.Debug|Any CPU.Build.0 = Debug|Any CPU
		{F0C5B23A-74FA-33F6-7CF9-F316989E0527}.Release|Any CPU.ActiveCfg = Release|Any CPU
		{F0C5B23A-74FA-33F6-7CF9-F316989E0527}.Release|Any CPU.Build.0 = Release|Any CPU
		{D306FE0F-5BAB-35D5-38E4-2D2B5A3DB319}.Debug|Any CPU.ActiveCfg = Debug|Any CPU
		{D306FE0F-5BAB-35D5-38E4-2D2B5A3DB319}.Debug|Any CPU.Build.0 = Debug|Any CPU
		{D306FE0F-5BAB-35D5-38E4-2D2B5A3DB319}.Release|Any CPU.ActiveCfg = Release|Any CPU
		{D306FE0F-5BAB-35D5-38E4-2D2B5A3DB319}.Release|Any CPU.Build.0 = Release|Any CPU
		{8FE0B90D-7E3B-1872-3B17-B5F22A2C0969}.Debug|Any CPU.ActiveCfg = Debug|Any CPU
		{8FE0B90D-7E3B-1872-3B17-B5F22A2C0969}.Debug|Any CPU.Build.0 = Debug|Any CPU
		{8FE0B90D-7E3B-1872-3B17-B5F22A2C0969}.Release|Any CPU.ActiveCfg = Release|Any CPU
		{8FE0B90D-7E3B-1872-3B17-B5F22A2C0969}.Release|Any CPU.Build.0 = Release|Any CPU
		{052B07A4-3322-275F-3316-908A3B2DF735}.Debug|Any CPU.ActiveCfg = Debug|Any CPU
		{052B07A4-3322-275F-3316-908A3B2DF735}.Debug|Any CPU.Build.0 = Debug|Any CPU
		{052B07A4-3322-275F-3316-908A3B2DF735}.Release|Any CPU.ActiveCfg = Release|Any CPU
		{052B07A4-3322-275F-3316-908A3B2DF735}.Release|Any CPU.Build.0 = Release|Any CPU
		{487D0E89-B856-EAE9-4E3B-21A60BC3222F}.Debug|Any CPU.ActiveCfg = Debug|Any CPU
		{487D0E89-B856-EAE9-4E3B-21A60BC3222F}.Debug|Any CPU.Build.0 = Debug|Any CPU
		{487D0E89-B856-EAE9-4E3B-21A60BC3222F}.Release|Any CPU.ActiveCfg = Release|Any CPU
		{487D0E89-B856-EAE9-4E3B-21A60BC3222F}.Release|Any CPU.Build.0 = Release|Any CPU
		{C1F7B98B-40CF-884F-F8EC-4DA48BE6B8CD}.Debug|Any CPU.ActiveCfg = Debug|Any CPU
		{C1F7B98B-40CF-884F-F8EC-4DA48BE6B8CD}.Debug|Any CPU.Build.0 = Debug|Any CPU
		{C1F7B98B-40CF-884F-F8EC-4DA48BE6B8CD}.Release|Any CPU.ActiveCfg = Release|Any CPU
		{C1F7B98B-40CF-884F-F8EC-4DA48BE6B8CD}.Release|Any CPU.Build.0 = Release|Any CPU
		{CB0F1254-FDA8-3899-0256-4D8F85CC4EAD}.Debug|Any CPU.ActiveCfg = Debug|Any CPU
		{CB0F1254-FDA8-3899-0256-4D8F85CC4EAD}.Debug|Any CPU.Build.0 = Debug|Any CPU
		{CB0F1254-FDA8-3899-0256-4D8F85CC4EAD}.Release|Any CPU.ActiveCfg = Release|Any CPU
		{CB0F1254-FDA8-3899-0256-4D8F85CC4EAD}.Release|Any CPU.Build.0 = Release|Any CPU
		{0469FFDC-9BE0-E973-B7F0-263062C4FC6A}.Debug|Any CPU.ActiveCfg = Debug|Any CPU
		{0469FFDC-9BE0-E973-B7F0-263062C4FC6A}.Debug|Any CPU.Build.0 = Debug|Any CPU
		{0469FFDC-9BE0-E973-B7F0-263062C4FC6A}.Release|Any CPU.ActiveCfg = Release|Any CPU
		{0469FFDC-9BE0-E973-B7F0-263062C4FC6A}.Release|Any CPU.Build.0 = Release|Any CPU
		{2D59761D-06D9-12E5-DCB5-955235BA7DF2}.Debug|Any CPU.ActiveCfg = Debug|Any CPU
		{2D59761D-06D9-12E5-DCB5-955235BA7DF2}.Debug|Any CPU.Build.0 = Debug|Any CPU
		{2D59761D-06D9-12E5-DCB5-955235BA7DF2}.Release|Any CPU.ActiveCfg = Release|Any CPU
		{2D59761D-06D9-12E5-DCB5-955235BA7DF2}.Release|Any CPU.Build.0 = Release|Any CPU
		{5C1D52E2-D411-1E01-7924-8DD2FF0D2BB0}.Debug|Any CPU.ActiveCfg = Debug|Any CPU
		{5C1D52E2-D411-1E01-7924-8DD2FF0D2BB0}.Debug|Any CPU.Build.0 = Debug|Any CPU
		{5C1D52E2-D411-1E01-7924-8DD2FF0D2BB0}.Release|Any CPU.ActiveCfg = Release|Any CPU
		{5C1D52E2-D411-1E01-7924-8DD2FF0D2BB0}.Release|Any CPU.Build.0 = Release|Any CPU
	EndGlobalSection
	GlobalSection(SolutionProperties) = preSolution
		HideSolutionNode = FALSE
	EndGlobalSection
EndGlobal
